
Microsoft Visual Studio Solution File, Format Version 12.00
# Visual Studio 15
VisualStudioVersion = 15.0.27004.2002
MinimumVisualStudioVersion = 10.0.40219.1
Project("{9A19103F-16F7-4668-BE54-9A1E7A4F7556}") = "gm", "gm.csproj", "{4DF658F7-1231-4C2D-8F85-CF73D4510317}"
EndProject
Global
	GlobalSection(SolutionConfigurationPlatforms) = preSolution
		Debug|Any CPU = Debug|Any CPU
		Release|Any CPU = Release|Any CPU
	EndGlobalSection
	GlobalSection(ProjectConfigurationPlatforms) = postSolution
		{4DF658F7-1231-4C2D-8F85-CF73D4510317}.Debug|Any CPU.ActiveCfg = Debug|Any CPU
		{4DF658F7-1231-4C2D-8F85-CF73D4510317}.Debug|Any CPU.Build.0 = Debug|Any CPU
		{4DF658F7-1231-4C2D-8F85-CF73D4510317}.Release|Any CPU.ActiveCfg = Release|Any CPU
		{4DF658F7-1231-4C2D-8F85-CF73D4510317}.Release|Any CPU.Build.0 = Release|Any CPU
	EndGlobalSection
	GlobalSection(SolutionProperties) = preSolution
		HideSolutionNode = FALSE
	EndGlobalSection
	GlobalSection(ExtensibilityGlobals) = postSolution
		SolutionGuid = {3B13846A-0EFE-4212-9CC0-CED97EBBCB70}
	EndGlobalSection
EndGlobal
